
Microsoft Visual Studio Solution File, Format Version 12.00
# Visual Studio Version 16
VisualStudioVersion = 16.0.31129.286
MinimumVisualStudioVersion = 10.0.40219.1
Project("{FAE04EC0-301F-11D3-BF4B-00C04F79EFBC}") = "TimerKullanimi", "TimerKullanimi\TimerKullanimi.csproj", "{796CF0A9-FE4D-459C-993C-B61FFCDAE4E2}"
EndProject
Global
	GlobalSection(SolutionConfigurationPlatforms) = preSolution
		Debug|Any CPU = Debug|Any CPU
		Release|Any CPU = Release|Any CPU
	EndGlobalSection
	GlobalSection(ProjectConfigurationPlatforms) = postSolution
		{796CF0A9-FE4D-459C-993C-B61FFCDAE4E2}.Debug|Any CPU.ActiveCfg = Debug|Any CPU
		{796CF0A9-FE4D-459C-993C-B61FFCDAE4E2}.Debug|Any CPU.Build.0 = Debug|Any CPU
		{796CF0A9-FE4D-459C-993C-B61FFCDAE4E2}.Release|Any CPU.ActiveCfg = Release|Any CPU
		{796CF0A9-FE4D-459C-993C-B61FFCDAE4E2}.Release|Any CPU.Build.0 = Release|Any CPU
	EndGlobalSection
	GlobalSection(SolutionProperties) = preSolution
		HideSolutionNode = FALSE
	EndGlobalSection
	GlobalSection(ExtensibilityGlobals) = postSolution
		SolutionGuid = {19674255-CD24-4C44-BFFF-802DD1245A42}
	EndGlobalSection
EndGlobal
